
Microsoft Visual Studio Solution File, Format Version 12.00
# Visual Studio 2012
Project("{FAE04EC0-301F-11D3-BF4B-00C04F79EFBC}") = "QuickSort", "QuickSort\QuickSort.csproj", "{F2C0AFF5-8AA2-48C9-94A0-1CD874B8D171}"
EndProject
Global
	GlobalSection(SolutionConfigurationPlatforms) = preSolution
		Debug|Any CPU = Debug|Any CPU
		Release|Any CPU = Release|Any CPU
	EndGlobalSection
	GlobalSection(ProjectConfigurationPlatforms) = postSolution
		{F2C0AFF5-8AA2-48C9-94A0-1CD874B8D171}.Debug|Any CPU.ActiveCfg = Debug|Any CPU
		{F2C0AFF5-8AA2-48C9-94A0-1CD874B8D171}.Debug|Any CPU.Build.0 = Debug|Any CPU
		{F2C0AFF5-8AA2-48C9-94A0-1CD874B8D171}.Release|Any CPU.ActiveCfg = Release|Any CPU
		{F2C0AFF5-8AA2-48C9-94A0-1CD874B8D171}.Release|Any CPU.Build.0 = Release|Any CPU
	EndGlobalSection
	GlobalSection(SolutionProperties) = preSolution
		HideSolutionNode = FALSE
	EndGlobalSection
EndGlobal
